
Microsoft Visual Studio Solution File, Format Version 12.00
# Visual Studio 2012
Project("{FAE04EC0-301F-11D3-BF4B-00C04F79EFBC}") = "Networking", "Utils\Networking\Networking.csproj", "{B47D4919-21AA-409D-83C9-F1A6B5664A6C}"
EndProject
Project("{FAE04EC0-301F-11D3-BF4B-00C04F79EFBC}") = "KinectTest", "Tests\KinectTest\KinectTest.csproj", "{94EEE216-4D9F-429F-B0A2-E850D4909D13}"
EndProject
Project("{FAE04EC0-301F-11D3-BF4B-00C04F79EFBC}") = "Overview", "GlobalCommand\Overview\Overview.csproj", "{BE45B57D-3CD1-4BFE-9E14-0DC4A5F02D4B}"
EndProject
Project("{FAE04EC0-301F-11D3-BF4B-00C04F79EFBC}") = "KinectApp", "Kinect\KinectApp\KinectApp.csproj", "{CF2E13A9-4B64-4A2B-8E51-D6967BE44B50}"
EndProject
Project("{FAE04EC0-301F-11D3-BF4B-00C04F79EFBC}") = "CameraDrawing", "Camera\CameraDrawing\CameraDrawing.csproj", "{002C04C2-D867-4270-8136-88EEBE159E86}"
EndProject
Project("{FAE04EC0-301F-11D3-BF4B-00C04F79EFBC}") = "KinectOutput", "Camera\KinectOutput\KinectOutput.csproj", "{E2CEDEB6-6262-4A84-B15D-F4AA96C8D785}"
EndProject
Project("{FAE04EC0-301F-11D3-BF4B-00C04F79EFBC}") = "AviFile", "External Libs\AviFile.csproj", "{ABB32A29-AF50-47FA-B243-5FD75A5ABA54}"
EndProject
Project("{FAE04EC0-301F-11D3-BF4B-00C04F79EFBC}") = "ImageProcessing.EmguCVTest", "ImageProcessing\ImageProcessing.EmguCVTest\ImageProcessing.EmguCVTest.csproj", "{FE77A58D-F893-47AB-8552-D412B437EA04}"
EndProject
Project("{FAE04EC0-301F-11D3-BF4B-00C04F79EFBC}") = "ImageProcessing.VideoFeed", "ImageProcessing\ImageProcessing.VideoFeed\ImageProcessing.VideoFeed.csproj", "{371B07C8-8F90-4585-93BF-1EA8E8A7E8A2}"
EndProject
Global
	GlobalSection(SolutionConfigurationPlatforms) = preSolution
		Debug|Any CPU = Debug|Any CPU
		Release|Any CPU = Release|Any CPU
	EndGlobalSection
	GlobalSection(ProjectConfigurationPlatforms) = postSolution
		{B47D4919-21AA-409D-83C9-F1A6B5664A6C}.Debug|Any CPU.ActiveCfg = Debug|Any CPU
		{B47D4919-21AA-409D-83C9-F1A6B5664A6C}.Debug|Any CPU.Build.0 = Debug|Any CPU
		{B47D4919-21AA-409D-83C9-F1A6B5664A6C}.Release|Any CPU.ActiveCfg = Release|Any CPU
		{B47D4919-21AA-409D-83C9-F1A6B5664A6C}.Release|Any CPU.Build.0 = Release|Any CPU
		{94EEE216-4D9F-429F-B0A2-E850D4909D13}.Debug|Any CPU.ActiveCfg = Debug|Any CPU
		{94EEE216-4D9F-429F-B0A2-E850D4909D13}.Debug|Any CPU.Build.0 = Debug|Any CPU
		{94EEE216-4D9F-429F-B0A2-E850D4909D13}.Release|Any CPU.ActiveCfg = Release|Any CPU
		{94EEE216-4D9F-429F-B0A2-E850D4909D13}.Release|Any CPU.Build.0 = Release|Any CPU
		{BE45B57D-3CD1-4BFE-9E14-0DC4A5F02D4B}.Debug|Any CPU.ActiveCfg = Debug|Any CPU
		{BE45B57D-3CD1-4BFE-9E14-0DC4A5F02D4B}.Debug|Any CPU.Build.0 = Debug|Any CPU
		{BE45B57D-3CD1-4BFE-9E14-0DC4A5F02D4B}.Release|Any CPU.ActiveCfg = Release|Any CPU
		{BE45B57D-3CD1-4BFE-9E14-0DC4A5F02D4B}.Release|Any CPU.Build.0 = Release|Any CPU
		{CF2E13A9-4B64-4A2B-8E51-D6967BE44B50}.Debug|Any CPU.ActiveCfg = Debug|Any CPU
		{CF2E13A9-4B64-4A2B-8E51-D6967BE44B50}.Debug|Any CPU.Build.0 = Debug|Any CPU
		{CF2E13A9-4B64-4A2B-8E51-D6967BE44B50}.Release|Any CPU.ActiveCfg = Release|Any CPU
		{CF2E13A9-4B64-4A2B-8E51-D6967BE44B50}.Release|Any CPU.Build.0 = Release|Any CPU
		{002C04C2-D867-4270-8136-88EEBE159E86}.Debug|Any CPU.ActiveCfg = Debug|Any CPU
		{002C04C2-D867-4270-8136-88EEBE159E86}.Debug|Any CPU.Build.0 = Debug|Any CPU
		{002C04C2-D867-4270-8136-88EEBE159E86}.Release|Any CPU.ActiveCfg = Release|Any CPU
		{002C04C2-D867-4270-8136-88EEBE159E86}.Release|Any CPU.Build.0 = Release|Any CPU
		{E2CEDEB6-6262-4A84-B15D-F4AA96C8D785}.Debug|Any CPU.ActiveCfg = Debug|Any CPU
		{E2CEDEB6-6262-4A84-B15D-F4AA96C8D785}.Debug|Any CPU.Build.0 = Debug|Any CPU
		{E2CEDEB6-6262-4A84-B15D-F4AA96C8D785}.Release|Any CPU.ActiveCfg = Release|Any CPU
		{E2CEDEB6-6262-4A84-B15D-F4AA96C8D785}.Release|Any CPU.Build.0 = Release|Any CPU
		{ABB32A29-AF50-47FA-B243-5FD75A5ABA54}.Debug|Any CPU.ActiveCfg = Debug|Any CPU
		{ABB32A29-AF50-47FA-B243-5FD75A5ABA54}.Debug|Any CPU.Build.0 = Debug|Any CPU
		{ABB32A29-AF50-47FA-B243-5FD75A5ABA54}.Release|Any CPU.ActiveCfg = Release|Any CPU
		{ABB32A29-AF50-47FA-B243-5FD75A5ABA54}.Release|Any CPU.Build.0 = Release|Any CPU
		{FE77A58D-F893-47AB-8552-D412B437EA04}.Debug|Any CPU.ActiveCfg = Debug|Any CPU
		{FE77A58D-F893-47AB-8552-D412B437EA04}.Debug|Any CPU.Build.0 = Debug|Any CPU
		{FE77A58D-F893-47AB-8552-D412B437EA04}.Release|Any CPU.ActiveCfg = Release|Any CPU
		{FE77A58D-F893-47AB-8552-D412B437EA04}.Release|Any CPU.Build.0 = Release|Any CPU
		{371B07C8-8F90-4585-93BF-1EA8E8A7E8A2}.Debug|Any CPU.ActiveCfg = Debug|Any CPU
		{371B07C8-8F90-4585-93BF-1EA8E8A7E8A2}.Debug|Any CPU.Build.0 = Debug|Any CPU
		{371B07C8-8F90-4585-93BF-1EA8E8A7E8A2}.Release|Any CPU.ActiveCfg = Release|Any CPU
		{371B07C8-8F90-4585-93BF-1EA8E8A7E8A2}.Release|Any CPU.Build.0 = Release|Any CPU
	EndGlobalSection
	GlobalSection(SolutionProperties) = preSolution
		HideSolutionNode = FALSE
	EndGlobalSection
EndGlobal
